{
  "version": 4,
  "terraform_version": "1.0.5",
  "serial": 29,
  "lineage": "611c2bc1-7d6f-bdb2-1dac-15c5d8062847",
  "outputs": {},
  "resources": [
    {
      "mode": "data",
      "type": "digitalocean_image",
      "name": "default",
      "provider": "provider[\"registry.terraform.io/digitalocean/digitalocean\"]",
      "instances": [
        {
          "schema_version": 0,
          "attributes": {
            "created": "2021-09-07T10:17:28Z",
            "description": "",
            "distribution": "Ubuntu",
            "error_message": "",
            "id": 91330644,
            "image": "91330644",
            "min_disk_size": 25,
            "name": "default-image",
            "private": true,
            "regions": [
              "ams3"
            ],
            "size_gigabytes": 1.52,
            "slug": "",
            "source": "user",
            "status": "available",
            "tags": [],
            "type": "snapshot"
          },
          "sensitive_attributes": []
        }
      ]
    },
    {
      "mode": "data",
      "type": "digitalocean_ssh_key",
      "name": "default",
      "provider": "provider[\"registry.terraform.io/digitalocean/digitalocean\"]",
      "instances": [
        {
          "schema_version": 0,
          "attributes": {
            "fingerprint": "dd:da:ca:3f:a8:5c:ec:d2:00:ac:25:1c:23:fd:ec:23",
            "id": 31040802,
            "name": "default-key",
            "public_key": "ssh-rsa AAAAB3NzaC1yc2EAAAADAQABAAACAQD3XcuJl4jQ2zkHZJ2AzdkCTYy7reMQUbythsNR+A4brd7cvPR2IPhu+nb3cSbn6LR1rrUyJMOhuQWb6aFTloKOB9t4M1tI1Uif4h2zEL7+zm6sOB3p8QHDbDnJFHpUdJEcERlPgMCwliU0zJ50+eL2OYDkgya97q1mwjplqznh6G9bK81BtYqwkVT7AzhuQzrVz7baBPEeiSKNdkLGJMxOuOYsRfHgxUU+g3oM/GrCSzH4/KHM91GZC9FqjwgZ7NtBk00GFDUgad9uFp2YZRASBQ8vEfiGWNw/2HdPxVJhm6cTpDh/jEfGgvMRQ7t6p48PTLk3vwVT9l6PXhUsK4ddYihJYkUMSwM1HYR5qv5DQ1PgBrYbFJbTIJz+Ig+j6LwP8JaEjwUb2SZHsbGpcdWXlNll8NjPKT/ZlHECZoSzP0Gp7SDil3dXQCnc6BC/WcIgmFAmhF392yegm2i12Gmx+qSbQpvu2zeC1bQMa3IdeBf9CK2wz0D/11W5Fw58jPLcTjTOAD041MktzkcaGh1GTXhb0+fffweF7WlfQWfqyDRsUZKyNt+0DaORv2LBYUxrzSB0Ym6D8GuHMNOHHWapzqqXIVKgm7zVfy8NbRgX7geJrIuFP/V2ul0xgTunNdzdZDjrN1glghlMCrOkGeS3Qvy9PuvHrVxowo2um9EDDw== sebastian.besel@nethesis.it"
          },
          "sensitive_attributes": []
        }
      ]
    },
    {
      "mode": "managed",
      "type": "digitalocean_domain",
      "name": "default",
      "provider": "provider[\"registry.terraform.io/digitalocean/digitalocean\"]",
      "instances": [
        {
          "schema_version": 0,
          "attributes": {
            "id": "cryptodeliverr.com",
            "ip_address": "157.245.64.241",
            "name": "cryptodeliverr.com",
            "urn": "do:domain:cryptodeliverr.com"
          },
          "sensitive_attributes": [],
          "private": "bnVsbA==",
          "dependencies": [
            "data.digitalocean_image.default",
            "data.digitalocean_ssh_key.default",
            "digitalocean_droplet.default"
          ]
        }
      ]
    },
    {
      "mode": "managed",
      "type": "digitalocean_droplet",
      "name": "default",
      "provider": "provider[\"registry.terraform.io/digitalocean/digitalocean\"]",
      "instances": [
        {
          "schema_version": 1,
          "attributes": {
            "backups": false,
            "created_at": "2021-09-07T10:21:05Z",
            "disk": 25,
            "droplet_agent": null,
            "id": "263623796",
            "image": "91330644",
            "ipv4_address": "157.245.64.241",
            "ipv4_address_private": "10.110.0.2",
            "ipv6": false,
            "ipv6_address": "",
            "locked": false,
            "memory": 1024,
            "monitoring": false,
            "name": "default-droplet",
            "price_hourly": 0.00744,
            "price_monthly": 5,
            "private_networking": true,
            "region": "ams3",
            "resize_disk": true,
            "size": "s-1vcpu-1gb",
            "ssh_keys": [
              "31040802"
            ],
            "status": "active",
            "tags": null,
            "urn": "do:droplet:263623796",
            "user_data": null,
            "vcpus": 1,
            "volume_ids": [],
            "vpc_uuid": "70bc77a3-d5d0-4a07-a0c0-7d654a2ae407"
          },
          "sensitive_attributes": [],
          "private": "eyJzY2hlbWFfdmVyc2lvbiI6IjEifQ==",
          "dependencies": [
            "data.digitalocean_image.default",
            "data.digitalocean_ssh_key.default"
          ]
        }
      ]
    }
  ]
}
